
Microsoft Visual Studio Solution File, Format Version 12.00
# Visual Studio 2013
VisualStudioVersion = 12.0.31101.0
MinimumVisualStudioVersion = 10.0.40219.1
Project("{FAE04EC0-301F-11D3-BF4B-00C04F79EFBC}") = "Serilog.Sinks.Splunk", "src\Serilog.Sinks.Splunk\Serilog.Sinks.Splunk.csproj", "{1493ABC3-811C-46C7-92ED-CEB7567FB588}"
EndProject
Project("{FAE04EC0-301F-11D3-BF4B-00C04F79EFBC}") = "Serilog.Sinks.Splunk.FullNetFx", "src\Serilog.Sinks.Splunk.FullNetFx\Serilog.Sinks.Splunk.FullNetFx.csproj", "{17DEED0F-F9CB-48FB-B4DC-53FB6AEE64D7}"
EndProject
Project("{2150E333-8FDC-42A3-9474-1A3956D46DE8}") = "src", "src", "{7A774CBB-A6E9-4854-B4DB-4CF860B0C1C5}"
EndProject
Project("{2150E333-8FDC-42A3-9474-1A3956D46DE8}") = "assets", "assets", "{B9B13339-749C-4098-8845-780ED4FA488A}"
	ProjectSection(SolutionItems) = preProject
		Build.ps1 = Build.ps1
		assets\CommonAssemblyInfo.cs = assets\CommonAssemblyInfo.cs
		README.md = README.md
		assets\Serilog.snk = assets\Serilog.snk
	EndProjectSection
EndProject
Global
	GlobalSection(SolutionConfigurationPlatforms) = preSolution
		Debug|Any CPU = Debug|Any CPU
		Release|Any CPU = Release|Any CPU
	EndGlobalSection
	GlobalSection(ProjectConfigurationPlatforms) = postSolution
		{1493ABC3-811C-46C7-92ED-CEB7567FB588}.Debug|Any CPU.ActiveCfg = Debug|Any CPU
		{1493ABC3-811C-46C7-92ED-CEB7567FB588}.Debug|Any CPU.Build.0 = Debug|Any CPU
		{1493ABC3-811C-46C7-92ED-CEB7567FB588}.Release|Any CPU.ActiveCfg = Release|Any CPU
		{1493ABC3-811C-46C7-92ED-CEB7567FB588}.Release|Any CPU.Build.0 = Release|Any CPU
		{17DEED0F-F9CB-48FB-B4DC-53FB6AEE64D7}.Debug|Any CPU.ActiveCfg = Debug|Any CPU
		{17DEED0F-F9CB-48FB-B4DC-53FB6AEE64D7}.Debug|Any CPU.Build.0 = Debug|Any CPU
		{17DEED0F-F9CB-48FB-B4DC-53FB6AEE64D7}.Release|Any CPU.ActiveCfg = Release|Any CPU
		{17DEED0F-F9CB-48FB-B4DC-53FB6AEE64D7}.Release|Any CPU.Build.0 = Release|Any CPU
	EndGlobalSection
	GlobalSection(SolutionProperties) = preSolution
		HideSolutionNode = FALSE
	EndGlobalSection
	GlobalSection(NestedProjects) = preSolution
		{1493ABC3-811C-46C7-92ED-CEB7567FB588} = {7A774CBB-A6E9-4854-B4DB-4CF860B0C1C5}
		{17DEED0F-F9CB-48FB-B4DC-53FB6AEE64D7} = {7A774CBB-A6E9-4854-B4DB-4CF860B0C1C5}
	EndGlobalSection
EndGlobal
